uuid: a1871a6f-a34b-4078-8212-29471d4e72cd
langcode: en
status: true
dependencies:
  module:
    - system
    - unity_search_pages
  theme:
    - justtransitioncommissionni_theme
id: sitesearchblock
theme: justtransitioncommissionni_theme
region: search
weight: 0
provider: null
plugin: site_search_block
settings:
  id: site_search_block
  label: 'Site search block'
  label_display: '0'
  provider: unity_search_pages
visibility:
  request_path:
    id: request_path
    negate: true
    pages: /search
